# THIS IS AN AUTOGENERATED FILE. DO NOT EDIT THIS FILE DIRECTLY.
# yarn lockfile v1


"@esbuild/darwin-arm64@0.20.2":
  version "0.20.2"

"@rollup/rollup-darwin-arm64@4.14.1":
  version "4.14.1"

"@types/estree@1.0.5":
  version "1.0.5"

dat.gui@^0.7.9:
  version "0.7.9"
  resolved "https://registry.npmjs.org/dat.gui/-/dat.gui-0.7.9.tgz"
  integrity sha512-sCNc1OHobc+Erc1HqiswYgHdVNpSJUlk/Hz8vzOCsER7rl+oF/4+v8GXFUyCgtXpoCX6+bnmg07DedLvBLwYKQ==

esbuild@^0.20.1:
  version "0.20.2"
  optionalDependencies:
    "@esbuild/aix-ppc64" "0.20.2"
    "@esbuild/android-arm" "0.20.2"
    "@esbuild/android-arm64" "0.20.2"
    "@esbuild/android-x64" "0.20.2"
    "@esbuild/darwin-arm64" "0.20.2"
    "@esbuild/darwin-x64" "0.20.2"
    "@esbuild/freebsd-arm64" "0.20.2"
    "@esbuild/freebsd-x64" "0.20.2"
    "@esbuild/linux-arm" "0.20.2"
    "@esbuild/linux-arm64" "0.20.2"
    "@esbuild/linux-ia32" "0.20.2"
    "@esbuild/linux-loong64" "0.20.2"
    "@esbuild/linux-mips64el" "0.20.2"
    "@esbuild/linux-ppc64" "0.20.2"
    "@esbuild/linux-riscv64" "0.20.2"
    "@esbuild/linux-s390x" "0.20.2"
    "@esbuild/linux-x64" "0.20.2"
    "@esbuild/netbsd-x64" "0.20.2"
    "@esbuild/openbsd-x64" "0.20.2"
    "@esbuild/sunos-x64" "0.20.2"
    "@esbuild/win32-arm64" "0.20.2"
    "@esbuild/win32-ia32" "0.20.2"
    "@esbuild/win32-x64" "0.20.2"

fsevents@~2.3.2, fsevents@~2.3.3:
  version "2.3.3"
  resolved "https://registry.npmjs.org/fsevents/-/fsevents-2.3.3.tgz"
  integrity sha512-5xoDfX+fL7faATnagmWPpbFtwh/R77WmMMqqHGS65C3vvB0YHrgF+B1YmZ3441tMj5n63k0212XNoJwzlhffQw==

matter-js@^0.20.0:
  version "0.20.0"
  resolved "https://registry.npmjs.org/matter-js/-/matter-js-0.20.0.tgz"
  integrity sha512-iC9fYR7zVT3HppNnsFsp9XOoQdQN2tUyfaKg4CHLH8bN+j6GT4Gw7IH2rP0tflAebrHFw730RR3DkVSZRX8hwA==

nanoid@^3.3.7:
  version "3.3.7"
  resolved "https://registry.npmjs.org/nanoid/-/nanoid-3.3.7.tgz"
  integrity sha512-eSRppjcPIatRIMC1U6UngP8XFcz8MQWGQdt1MTBQ7NaAmvXDfvNxbvWV3x2y6CdEUciCSsDHDQZbhYaB8QEo2g==

picocolors@^1.0.0:
  version "1.0.0"

postcss@^8.4.38:
  version "8.4.38"
  dependencies:
    nanoid "^3.3.7"
    picocolors "^1.0.0"
    source-map-js "^1.2.0"

rollup@^4.13.0:
  version "4.14.1"
  dependencies:
    "@types/estree" "1.0.5"
  optionalDependencies:
    "@rollup/rollup-android-arm-eabi" "4.14.1"
    "@rollup/rollup-android-arm64" "4.14.1"
    "@rollup/rollup-darwin-arm64" "4.14.1"
    "@rollup/rollup-darwin-x64" "4.14.1"
    "@rollup/rollup-linux-arm-gnueabihf" "4.14.1"
    "@rollup/rollup-linux-arm64-gnu" "4.14.1"
    "@rollup/rollup-linux-arm64-musl" "4.14.1"
    "@rollup/rollup-linux-powerpc64le-gnu" "4.14.1"
    "@rollup/rollup-linux-riscv64-gnu" "4.14.1"
    "@rollup/rollup-linux-s390x-gnu" "4.14.1"
    "@rollup/rollup-linux-x64-gnu" "4.14.1"
    "@rollup/rollup-linux-x64-musl" "4.14.1"
    "@rollup/rollup-win32-arm64-msvc" "4.14.1"
    "@rollup/rollup-win32-ia32-msvc" "4.14.1"
    "@rollup/rollup-win32-x64-msvc" "4.14.1"
    fsevents "~2.3.2"

source-map-js@^1.2.0:
  version "1.2.0"

three@^0.170.0:
  version "0.170.0"
  resolved "https://registry.npmjs.org/three/-/three-0.170.0.tgz"
  integrity sha512-FQK+LEpYc0fBD+J8g6oSEyyNzjp+Q7Ks1C568WWaoMRLW+TkNNWmenWeGgJjV105Gd+p/2ql1ZcjYvNiPZBhuQ==

vite@^5.2.8:
  version "5.2.8"
  dependencies:
    esbuild "^0.20.1"
    postcss "^8.4.38"
    rollup "^4.13.0"
  optionalDependencies:
    fsevents "~2.3.3"
